{
  "requires": true,
  "lockfileVersion": 1,
  "dependencies": {
    "load-script2": {
      "version": "2.0.3",
      "resolved": "https://registry.npmjs.org/load-script2/-/load-script2-2.0.3.tgz",
      "integrity": "sha512-aMCkyuCJhnRKKX8lJ4IFszmEGBHRFX5bB9tMe6/zV6UJrx8eaocgXKermItMtKgvyKHaiRJDO9GWbOyIkPjkFA=="
    },
    "yt-player": {
      "version": "3.4.3",
      "resolved": "https://registry.npmjs.org/yt-player/-/yt-player-3.4.3.tgz",
      "integrity": "sha512-Ke5oM+qW8CR6aaK40mTxBff3hS4DXjyfmFkjg3eoaGt8fWQGyKFOFIpZqzNTR5c7Lu+xAG9SIvxCvbBPhCBbPg==",
      "requires": {
        "load-script2": "^2.0.1"
      }
    }
  }
}
